// !$*UTF8*$!
{
	archiveVersion = 1;
	classes = {
	};
	objectVersion = 48;
	objects = {

/* Begin PBXBuildFile section */
		B1818ECE209993A6000F96E2 /* AppDelegate.swift in Sources */ = {isa = PBXBuildFile; fileRef = B1818ECD209993A6000F96E2 /* AppDelegate.swift */; };
		B1818ED0209993A6000F96E2 /* ViewController.swift in Sources */ = {isa = PBXBuildFile; fileRef = B1818ECF209993A6000F96E2 /* ViewController.swift */; };
		B1818ED3209993A6000F96E2 /* Main.storyboard in Resources */ = {isa = PBXBuildFile; fileRef = B1818ED1209993A6000F96E2 /* Main.storyboard */; };
		B1818ED5209993A6000F96E2 /* Assets.xcassets in Resources */ = {isa = PBXBuildFile; fileRef = B1818ED4209993A6000F96E2 /* Assets.xcassets */; };
		B1818ED8209993A6000F96E2 /* LaunchScreen.storyboard in Resources */ = {isa = PBXBuildFile; fileRef = B1818ED6209993A6000F96E2 /* LaunchScreen.storyboard */; };
		B1818EE3209993A6000F96E2 /* MethodTests.swift in Sources */ = {isa = PBXBuildFile; fileRef = B1818EE2209993A6000F96E2 /* MethodTests.swift */; };
		B1818EEF20999403000F96E2 /* Method.swift in Sources */ = {isa = PBXBuildFile; fileRef = B1818EEE20999403000F96E2 /* Method.swift */; };
		B1818EF12099AFB5000F96E2 /* Class.swift in Sources */ = {isa = PBXBuildFile; fileRef = B1818EF02099AFB5000F96E2 /* Class.swift */; };
		B1818EF32099B021000F96E2 /* ClassTests.swift in Sources */ = {isa = PBXBuildFile; fileRef = B1818EF22099B021000F96E2 /* ClassTests.swift */; };
/* End PBXBuildFile section */

/* Begin PBXContainerItemProxy section */
		B1818EDF209993A6000F96E2 /* PBXContainerItemProxy */ = {
			isa = PBXContainerItemProxy;
			containerPortal = B1818EC2209993A6000F96E2 /* Project object */;
			proxyType = 1;
			remoteGlobalIDString = B1818EC9209993A6000F96E2;
			remoteInfo = Base;
		};
/* End PBXContainerItemProxy section */

/* Begin PBXFileReference section */
		B1818ECA209993A6000F96E2 /* Base.app */ = {isa = PBXFileReference; explicitFileType = wrapper.application; includeInIndex = 0; path = Base.app; sourceTree = BUILT_PRODUCTS_DIR; };
		B1818ECD209993A6000F96E2 /* AppDelegate.swift */ = {isa = PBXFileReference; lastKnownFileType = sourcecode.swift; path = AppDelegate.swift; sourceTree = "<group>"; };
		B1818ECF209993A6000F96E2 /* ViewController.swift */ = {isa = PBXFileReference; lastKnownFileType = sourcecode.swift; path = ViewController.swift; sourceTree = "<group>"; };
		B1818ED2209993A6000F96E2 /* Base */ = {isa = PBXFileReference; lastKnownFileType = file.storyboard; name = Base; path = Base.lproj/Main.storyboard; sourceTree = "<group>"; };
		B1818ED4209993A6000F96E2 /* Assets.xcassets */ = {isa = PBXFileReference; lastKnownFileType = folder.assetcatalog; path = Assets.xcassets; sourceTree = "<group>"; };
		B1818ED7209993A6000F96E2 /* Base */ = {isa = PBXFileReference; lastKnownFileType = file.storyboard; name = Base; path = Base.lproj/LaunchScreen.storyboard; sourceTree = "<group>"; };
		B1818ED9209993A6000F96E2 /* Info.plist */ = {isa = PBXFileReference; lastKnownFileType = text.plist.xml; path = Info.plist; sourceTree = "<group>"; };
		B1818EDE209993A6000F96E2 /* BaseTests.xctest */ = {isa = PBXFileReference; explicitFileType = wrapper.cfbundle; includeInIndex = 0; path = BaseTests.xctest; sourceTree = BUILT_PRODUCTS_DIR; };
		B1818EE2209993A6000F96E2 /* MethodTests.swift */ = {isa = PBXFileReference; lastKnownFileType = sourcecode.swift; path = MethodTests.swift; sourceTree = "<group>"; };
		B1818EE4209993A6000F96E2 /* Info.plist */ = {isa = PBXFileReference; lastKnownFileType = text.plist.xml; path = Info.plist; sourceTree = "<group>"; };
		B1818EEE20999403000F96E2 /* Method.swift */ = {isa = PBXFileReference; lastKnownFileType = sourcecode.swift; path = Method.swift; sourceTree = "<group>"; };
		B1818EF02099AFB5000F96E2 /* Class.swift */ = {isa = PBXFileReference; lastKnownFileType = sourcecode.swift; path = Class.swift; sourceTree = "<group>"; };
		B1818EF22099B021000F96E2 /* ClassTests.swift */ = {isa = PBXFileReference; lastKnownFileType = sourcecode.swift; path = ClassTests.swift; sourceTree = "<group>"; };
/* End PBXFileReference section */

/* Begin PBXFrameworksBuildPhase section */
		B1818EC7209993A6000F96E2 /* Frameworks */ = {
			isa = PBXFrameworksBuildPhase;
			buildActionMask = 2147483647;
			files = (
			);
			runOnlyForDeploymentPostprocessing = 0;
		};
		B1818EDB209993A6000F96E2 /* Frameworks */ = {
			isa = PBXFrameworksBuildPhase;
			buildActionMask = 2147483647;
			files = (
			);
			runOnlyForDeploymentPostprocessing = 0;
		};
/* End PBXFrameworksBuildPhase section */

/* Begin PBXGroup section */
		B1818EC1209993A6000F96E2 = {
			isa = PBXGroup;
			children = (
				B1818ECC209993A6000F96E2 /* Base */,
				B1818EE1209993A6000F96E2 /* BaseTests */,
				B1818ECB209993A6000F96E2 /* Products */,
			);
			sourceTree = "<group>";
		};
		B1818ECB209993A6000F96E2 /* Products */ = {
			isa = PBXGroup;
			children = (
				B1818ECA209993A6000F96E2 /* Base.app */,
				B1818EDE209993A6000F96E2 /* BaseTests.xctest */,
			);
			name = Products;
			sourceTree = "<group>";
		};
		B1818ECC209993A6000F96E2 /* Base */ = {
			isa = PBXGroup;
			children = (
				B1818EED209993D0000F96E2 /* Classes */,
				B1818ECD209993A6000F96E2 /* AppDelegate.swift */,
				B1818ECF209993A6000F96E2 /* ViewController.swift */,
				B1818ED1209993A6000F96E2 /* Main.storyboard */,
				B1818ED4209993A6000F96E2 /* Assets.xcassets */,
				B1818ED6209993A6000F96E2 /* LaunchScreen.storyboard */,
				B1818ED9209993A6000F96E2 /* Info.plist */,
			);
			path = Base;
			sourceTree = "<group>";
		};
		B1818EE1209993A6000F96E2 /* BaseTests */ = {
			isa = PBXGroup;
			children = (
				B1818EF22099B021000F96E2 /* ClassTests.swift */,
				B1818EE2209993A6000F96E2 /* MethodTests.swift */,
				B1818EE4209993A6000F96E2 /* Info.plist */,
			);
			path = BaseTests;
			sourceTree = "<group>";
		};
		B1818EED209993D0000F96E2 /* Classes */ = {
			isa = PBXGroup;
			children = (
				B1818EEE20999403000F96E2 /* Method.swift */,
				B1818EF02099AFB5000F96E2 /* Class.swift */,
			);
			path = Classes;
			sourceTree = "<group>";
		};
/* End PBXGroup section */

/* Begin PBXNativeTarget section */
		B1818EC9209993A6000F96E2 /* Base */ = {
			isa = PBXNativeTarget;
			buildConfigurationList = B1818EE7209993A6000F96E2 /* Build configuration list for PBXNativeTarget "Base" */;
			buildPhases = (
				B1818EC6209993A6000F96E2 /* Sources */,
				B1818EC7209993A6000F96E2 /* Frameworks */,
				B1818EC8209993A6000F96E2 /* Resources */,
			);
			buildRules = (
			);
			dependencies = (
			);
			name = Base;
			productName = Base;
			productReference = B1818ECA209993A6000F96E2 /* Base.app */;
			productType = "com.apple.product-type.application";
		};
		B1818EDD209993A6000F96E2 /* BaseTests */ = {
			isa = PBXNativeTarget;
			buildConfigurationList = B1818EEA209993A6000F96E2 /* Build configuration list for PBXNativeTarget "BaseTests" */;
			buildPhases = (
				B1818EDA209993A6000F96E2 /* Sources */,
				B1818EDB209993A6000F96E2 /* Frameworks */,
				B1818EDC209993A6000F96E2 /* Resources */,
			);
			buildRules = (
			);
			dependencies = (
				B1818EE0209993A6000F96E2 /* PBXTargetDependency */,
			);
			name = BaseTests;
			productName = BaseTests;
			productReference = B1818EDE209993A6000F96E2 /* BaseTests.xctest */;
			productType = "com.apple.product-type.bundle.unit-test";
		};
/* End PBXNativeTarget section */

/* Begin PBXProject section */
		B1818EC2209993A6000F96E2 /* Project object */ = {
			isa = PBXProject;
			attributes = {
				LastSwiftUpdateCheck = 0920;
				LastUpgradeCheck = 0920;
				ORGANIZATIONNAME = fangyukui;
				TargetAttributes = {
					B1818EC9209993A6000F96E2 = {
						CreatedOnToolsVersion = 9.2;
						ProvisioningStyle = Automatic;
					};
					B1818EDD209993A6000F96E2 = {
						CreatedOnToolsVersion = 9.2;
						ProvisioningStyle = Automatic;
						TestTargetID = B1818EC9209993A6000F96E2;
					};
				};
			};
			buildConfigurationList = B1818EC5209993A6000F96E2 /* Build configuration list for PBXProject "Base" */;
			compatibilityVersion = "Xcode 8.0";
			developmentRegion = en;
			hasScannedForEncodings = 0;
			knownRegions = (
				en,
				Base,
			);
			mainGroup = B1818EC1209993A6000F96E2;
			productRefGroup = B1818ECB209993A6000F96E2 /* Products */;
			projectDirPath = "";
			projectRoot = "";
			targets = (
				B1818EC9209993A6000F96E2 /* Base */,
				B1818EDD209993A6000F96E2 /* BaseTests */,
			);
		};
/* End PBXProject section */

/* Begin PBXResourcesBuildPhase section */
		B1818EC8209993A6000F96E2 /* Resources */ = {
			isa = PBXResourcesBuildPhase;
			buildActionMask = 2147483647;
			files = (
				B1818ED8209993A6000F96E2 /* LaunchScreen.storyboard in Resources */,
				B1818ED5209993A6000F96E2 /* Assets.xcassets in Resources */,
				B1818ED3209993A6000F96E2 /* Main.storyboard in Resources */,
			);
			runOnlyForDeploymentPostprocessing = 0;
		};
		B1818EDC209993A6000F96E2 /* Resources */ = {
			isa = PBXResourcesBuildPhase;
			buildActionMask = 2147483647;
			files = (
			);
			runOnlyForDeploymentPostprocessing = 0;
		};
/* End PBXResourcesBuildPhase section */

/* Begin PBXSourcesBuildPhase section */
		B1818EC6209993A6000F96E2 /* Sources */ = {
			isa = PBXSourcesBuildPhase;
			buildActionMask = 2147483647;
			files = (
				B1818EF12099AFB5000F96E2 /* Class.swift in Sources */,
				B1818ED0209993A6000F96E2 /* ViewController.swift in Sources */,
				B1818ECE209993A6000F96E2 /* AppDelegate.swift in Sources */,
				B1818EEF20999403000F96E2 /* Method.swift in Sources */,
			);
			runOnlyForDeploymentPostprocessing = 0;
		};
		B1818EDA209993A6000F96E2 /* Sources */ = {
			isa = PBXSourcesBuildPhase;
			buildActionMask = 2147483647;
			files = (
				B1818EF32099B021000F96E2 /* ClassTests.swift in Sources */,
				B1818EE3209993A6000F96E2 /* MethodTests.swift in Sources */,
			);
			runOnlyForDeploymentPostprocessing = 0;
		};
/* End PBXSourcesBuildPhase section */

/* Begin PBXTargetDependency section */
		B1818EE0209993A6000F96E2 /* PBXTargetDependency */ = {
			isa = PBXTargetDependency;
			target = B1818EC9209993A6000F96E2 /* Base */;
			targetProxy = B1818EDF209993A6000F96E2 /* PBXContainerItemProxy */;
		};
/* End PBXTargetDependency section */

/* Begin PBXVariantGroup section */
		B1818ED1209993A6000F96E2 /* Main.storyboard */ = {
			isa = PBXVariantGroup;
			children = (
				B1818ED2209993A6000F96E2 /* Base */,
			);
			name = Main.storyboard;
			sourceTree = "<group>";
		};
		B1818ED6209993A6000F96E2 /* LaunchScreen.storyboard */ = {
			isa = PBXVariantGroup;
			children = (
				B1818ED7209993A6000F96E2 /* Base */,
			);
			name = LaunchScreen.storyboard;
			sourceTree = "<group>";
		};
/* End PBXVariantGroup section */

/* Begin XCBuildConfiguration section */
		B1818EE5209993A6000F96E2 /* Debug */ = {
			isa = XCBuildConfiguration;
			buildSettings = {
				ALWAYS_SEARCH_USER_PATHS = NO;
				CLANG_ANALYZER_NONNULL = YES;
				CLANG_ANALYZER_NUMBER_OBJECT_CONVERSION = YES_AGGRESSIVE;
				CLANG_CXX_LANGUAGE_STANDARD = "gnu++14";
				CLANG_CXX_LIBRARY = "libc++";
				CLANG_ENABLE_MODULES = YES;
				CLANG_ENABLE_OBJC_ARC = YES;
				CLANG_WARN_BLOCK_CAPTURE_AUTORELEASING = YES;
				CLANG_WARN_BOOL_CONVERSION = YES;
				CLANG_WARN_COMMA = YES;
				CLANG_WARN_CONSTANT_CONVERSION = YES;
				CLANG_WARN_DIRECT_OBJC_ISA_USAGE = YES_ERROR;
				CLANG_WARN_DOCUMENTATION_COMMENTS = YES;
				CLANG_WARN_EMPTY_BODY = YES;
				CLANG_WARN_ENUM_CONVERSION = YES;
				CLANG_WARN_INFINITE_RECURSION = YES;
				CLANG_WARN_INT_CONVERSION = YES;
				CLANG_WARN_NON_LITERAL_NULL_CONVERSION = YES;
				CLANG_WARN_OBJC_LITERAL_CONVERSION = YES;
				CLANG_WARN_OBJC_ROOT_CLASS = YES_ERROR;
				CLANG_WARN_RANGE_LOOP_ANALYSIS = YES;
				CLANG_WARN_STRICT_PROTOTYPES = YES;
				CLANG_WARN_SUSPICIOUS_MOVE = YES;
				CLANG_WARN_UNGUARDED_AVAILABILITY = YES_AGGRESSIVE;
				CLANG_WARN_UNREACHABLE_CODE = YES;
				CLANG_WARN__DUPLICATE_METHOD_MATCH = YES;
				CODE_SIGN_IDENTITY = "iPhone Developer";
				COPY_PHASE_STRIP = NO;
				DEBUG_INFORMATION_FORMAT = dwarf;
				ENABLE_STRICT_OBJC_MSGSEND = YES;
				ENABLE_TESTABILITY = YES;
				GCC_C_LANGUAGE_STANDARD = gnu11;
				GCC_DYNAMIC_NO_PIC = NO;
				GCC_NO_COMMON_BLOCKS = YES;
				GCC_OPTIMIZATION_LEVEL = 0;
				GCC_PREPROCESSOR_DEFINITIONS = (
					"DEBUG=1",
					"$(inherited)",
				);
				GCC_WARN_64_TO_32_BIT_CONVERSION = YES;
				GCC_WARN_ABOUT_RETURN_TYPE = YES_ERROR;
				GCC_WARN_UNDECLARED_SELECTOR = YES;
				GCC_WARN_UNINITIALIZED_AUTOS = YES_AGGRESSIVE;
				GCC_WARN_UNUSED_FUNCTION = YES;
				GCC_WARN_UNUSED_VARIABLE = YES;
				IPHONEOS_DEPLOYMENT_TARGET = 11.2;
				MTL_ENABLE_DEBUG_INFO = YES;
				ONLY_ACTIVE_ARCH = YES;
				SDKROOT = iphoneos;
				SWIFT_ACTIVE_COMPILATION_CONDITIONS = DEBUG;
				SWIFT_OPTIMIZATION_LEVEL = "-Onone";
			};
			name = Debug;
		};
		B1818EE6209993A6000F96E2 /* Release */ = {
			isa = XCBuildConfiguration;
			buildSettings = {
				ALWAYS_SEARCH_USER_PATHS = NO;
				CLANG_ANALYZER_NONNULL = YES;
				CLANG_ANALYZER_NUMBER_OBJECT_CONVERSION = YES_AGGRESSIVE;
				CLANG_CXX_LANGUAGE_STANDARD = "gnu++14";
				CLANG_CXX_LIBRARY = "libc++";
				CLANG_ENABLE_MODULES = YES;
				CLANG_ENABLE_OBJC_ARC = YES;
				CLANG_WARN_BLOCK_CAPTURE_AUTORELEASING = YES;
				CLANG_WARN_BOOL_CONVERSION = YES;
				CLANG_WARN_COMMA = YES;
				CLANG_WARN_CONSTANT_CONVERSION = YES;
				CLANG_WARN_DIRECT_OBJC_ISA_USAGE = YES_ERROR;
				CLANG_WARN_DOCUMENTATION_COMMENTS = YES;
				CLANG_WARN_EMPTY_BODY = YES;
				CLANG_WARN_ENUM_CONVERSION = YES;
				CLANG_WARN_INFINITE_RECURSION = YES;
				CLANG_WARN_INT_CONVERSION = YES;
				CLANG_WARN_NON_LITERAL_NULL_CONVERSION = YES;
				CLANG_WARN_OBJC_LITERAL_CONVERSION = YES;
				CLANG_WARN_OBJC_ROOT_CLASS = YES_ERROR;
				CLANG_WARN_RANGE_LOOP_ANALYSIS = YES;
				CLANG_WARN_STRICT_PROTOTYPES = YES;
				CLANG_WARN_SUSPICIOUS_MOVE = YES;
				CLANG_WARN_UNGUARDED_AVAILABILITY = YES_AGGRESSIVE;
				CLANG_WARN_UNREACHABLE_CODE = YES;
				CLANG_WARN__DUPLICATE_METHOD_MATCH = YES;
				CODE_SIGN_IDENTITY = "iPhone Developer";
				COPY_PHASE_STRIP = NO;
				DEBUG_INFORMATION_FORMAT = "dwarf-with-dsym";
				ENABLE_NS_ASSERTIONS = NO;
				ENABLE_STRICT_OBJC_MSGSEND = YES;
				GCC_C_LANGUAGE_STANDARD = gnu11;
				GCC_NO_COMMON_BLOCKS = YES;
				GCC_WARN_64_TO_32_BIT_CONVERSION = YES;
				GCC_WARN_ABOUT_RETURN_TYPE = YES_ERROR;
				GCC_WARN_UNDECLARED_SELECTOR = YES;
				GCC_WARN_UNINITIALIZED_AUTOS = YES_AGGRESSIVE;
				GCC_WARN_UNUSED_FUNCTION = YES;
				GCC_WARN_UNUSED_VARIABLE = YES;
				IPHONEOS_DEPLOYMENT_TARGET = 11.2;
				MTL_ENABLE_DEBUG_INFO = NO;
				SDKROOT = iphoneos;
				SWIFT_OPTIMIZATION_LEVEL = "-Owholemodule";
				VALIDATE_PRODUCT = YES;
			};
			name = Release;
		};
		B1818EE8209993A6000F96E2 /* Debug */ = {
			isa = XCBuildConfiguration;
			buildSettings = {
				ASSETCATALOG_COMPILER_APPICON_NAME = AppIcon;
				CODE_SIGN_STYLE = Automatic;
				INFOPLIST_FILE = Base/Info.plist;
				LD_RUNPATH_SEARCH_PATHS = "$(inherited) @executable_path/Frameworks";
				PRODUCT_BUNDLE_IDENTIFIER = yukui.fang.Base;
				PRODUCT_NAME = "$(TARGET_NAME)";
				SWIFT_VERSION = 4.0;
				TARGETED_DEVICE_FAMILY = "1,2";
			};
			name = Debug;
		};
		B1818EE9209993A6000F96E2 /* Release */ = {
			isa = XCBuildConfiguration;
			buildSettings = {
				ASSETCATALOG_COMPILER_APPICON_NAME = AppIcon;
				CODE_SIGN_STYLE = Automatic;
				INFOPLIST_FILE = Base/Info.plist;
				LD_RUNPATH_SEARCH_PATHS = "$(inherited) @executable_path/Frameworks";
				PRODUCT_BUNDLE_IDENTIFIER = yukui.fang.Base;
				PRODUCT_NAME = "$(TARGET_NAME)";
				SWIFT_VERSION = 4.0;
				TARGETED_DEVICE_FAMILY = "1,2";
			};
			name = Release;
		};
		B1818EEB209993A6000F96E2 /* Debug */ = {
			isa = XCBuildConfiguration;
			buildSettings = {
				ALWAYS_EMBED_SWIFT_STANDARD_LIBRARIES = YES;
				BUNDLE_LOADER = "$(TEST_HOST)";
				CODE_SIGN_STYLE = Automatic;
				INFOPLIST_FILE = BaseTests/Info.plist;
				LD_RUNPATH_SEARCH_PATHS = "$(inherited) @executable_path/Frameworks @loader_path/Frameworks";
				PRODUCT_BUNDLE_IDENTIFIER = yukui.fang.BaseTests;
				PRODUCT_NAME = "$(TARGET_NAME)";
				SWIFT_VERSION = 4.0;
				TARGETED_DEVICE_FAMILY = "1,2";
				TEST_HOST = "$(BUILT_PRODUCTS_DIR)/Base.app/Base";
			};
			name = Debug;
		};
		B1818EEC209993A6000F96E2 /* Release */ = {
			isa = XCBuildConfiguration;
			buildSettings = {
				ALWAYS_EMBED_SWIFT_STANDARD_LIBRARIES = YES;
				BUNDLE_LOADER = "$(TEST_HOST)";
				CODE_SIGN_STYLE = Automatic;
				INFOPLIST_FILE = BaseTests/Info.plist;
				LD_RUNPATH_SEARCH_PATHS = "$(inherited) @executable_path/Frameworks @loader_path/Frameworks";
				PRODUCT_BUNDLE_IDENTIFIER = yukui.fang.BaseTests;
				PRODUCT_NAME = "$(TARGET_NAME)";
				SWIFT_VERSION = 4.0;
				TARGETED_DEVICE_FAMILY = "1,2";
				TEST_HOST = "$(BUILT_PRODUCTS_DIR)/Base.app/Base";
			};
			name = Release;
		};
/* End XCBuildConfiguration section */

/* Begin XCConfigurationList section */
		B1818EC5209993A6000F96E2 /* Build configuration list for PBXProject "Base" */ = {
			isa = XCConfigurationList;
			buildConfigurations = (
				B1818EE5209993A6000F96E2 /* Debug */,
				B1818EE6209993A6000F96E2 /* Release */,
			);
			defaultConfigurationIsVisible = 0;
			defaultConfigurationName = Release;
		};
		B1818EE7209993A6000F96E2 /* Build configuration list for PBXNativeTarget "Base" */ = {
			isa = XCConfigurationList;
			buildConfigurations = (
				B1818EE8209993A6000F96E2 /* Debug */,
				B1818EE9209993A6000F96E2 /* Release */,
			);
			defaultConfigurationIsVisible = 0;
			defaultConfigurationName = Release;
		};
		B1818EEA209993A6000F96E2 /* Build configuration list for PBXNativeTarget "BaseTests" */ = {
			isa = XCConfigurationList;
			buildConfigurations = (
				B1818EEB209993A6000F96E2 /* Debug */,
				B1818EEC209993A6000F96E2 /* Release */,
			);
			defaultConfigurationIsVisible = 0;
			defaultConfigurationName = Release;
		};
/* End XCConfigurationList section */
	};
	rootObject = B1818EC2209993A6000F96E2 /* Project object */;
}
